// !$*UTF8*$!
{
	archiveVersion = 1;
	classes = {
	};
	objectVersion = 50;
	objects = {

/* Begin PBXBuildFile section */
		807496A62605041B009B8BD2 /* CategoryData.swift in Sources */ = {isa = PBXBuildFile; fileRef = 807496A52605041B009B8BD2 /* CategoryData.swift */; };
		807496AA2605079A009B8BD2 /* BaseDataModel.swift in Sources */ = {isa = PBXBuildFile; fileRef = 807496A92605079A009B8BD2 /* BaseDataModel.swift */; };
		807496AD2605092B009B8BD2 /* ListData.swift in Sources */ = {isa = PBXBuildFile; fileRef = 807496AC2605092B009B8BD2 /* ListData.swift */; };
		807496B62605263E009B8BD2 /* Graphic.storyboard in Resources */ = {isa = PBXBuildFile; fileRef = 807496B52605263E009B8BD2 /* Graphic.storyboard */; };
		807496B926052668009B8BD2 /* DrawTextViewController.swift in Sources */ = {isa = PBXBuildFile; fileRef = 807496B826052668009B8BD2 /* DrawTextViewController.swift */; };
		807496BC2605AC9A009B8BD2 /* CustomIndicatorViewController.swift in Sources */ = {isa = PBXBuildFile; fileRef = 807496BB2605AC9A009B8BD2 /* CustomIndicatorViewController.swift */; };
		807496C02605ACF7009B8BD2 /* UIView.storyboard in Resources */ = {isa = PBXBuildFile; fileRef = 807496BF2605ACF7009B8BD2 /* UIView.storyboard */; };
		807496C32605AE01009B8BD2 /* Setting.swift in Sources */ = {isa = PBXBuildFile; fileRef = 807496C22605AE01009B8BD2 /* Setting.swift */; };
		807496DC2605B34D009B8BD2 /* CustomIndicatorView.swift in Sources */ = {isa = PBXBuildFile; fileRef = 807496DB2605B34D009B8BD2 /* CustomIndicatorView.swift */; };
		807496E12605BDFA009B8BD2 /* AlertandToast.storyboard in Resources */ = {isa = PBXBuildFile; fileRef = 807496E02605BDFA009B8BD2 /* AlertandToast.storyboard */; };
		807496E52605BE3D009B8BD2 /* CustomAlertViewController.swift in Sources */ = {isa = PBXBuildFile; fileRef = 807496E42605BE3D009B8BD2 /* CustomAlertViewController.swift */; };
		807496EA2605BF4F009B8BD2 /* Alert.swift in Sources */ = {isa = PBXBuildFile; fileRef = 807496E92605BF4F009B8BD2 /* Alert.swift */; };
		807496F126066E23009B8BD2 /* ExpandableTableView.swift in Sources */ = {isa = PBXBuildFile; fileRef = 807496F026066E23009B8BD2 /* ExpandableTableView.swift */; };
		807496F526067229009B8BD2 /* TableView.storyboard in Resources */ = {isa = PBXBuildFile; fileRef = 807496F426067229009B8BD2 /* TableView.storyboard */; };
		807496F826067AA9009B8BD2 /* DynamicHeightTableViewController.swift in Sources */ = {isa = PBXBuildFile; fileRef = 807496F726067AA9009B8BD2 /* DynamicHeightTableViewController.swift */; };
		809BAC992601194D00D975A1 /* AppDelegate.swift in Sources */ = {isa = PBXBuildFile; fileRef = 809BAC982601194D00D975A1 /* AppDelegate.swift */; };
		809BAC9D2601194D00D975A1 /* MainViewController.swift in Sources */ = {isa = PBXBuildFile; fileRef = 809BAC9C2601194D00D975A1 /* MainViewController.swift */; };
		809BACA02601194D00D975A1 /* Main.storyboard in Resources */ = {isa = PBXBuildFile; fileRef = 809BAC9E2601194D00D975A1 /* Main.storyboard */; };
		809BACA22601194F00D975A1 /* Assets.xcassets in Resources */ = {isa = PBXBuildFile; fileRef = 809BACA12601194F00D975A1 /* Assets.xcassets */; };
		809BACA52601194F00D975A1 /* LaunchScreen.storyboard in Resources */ = {isa = PBXBuildFile; fileRef = 809BACA32601194F00D975A1 /* LaunchScreen.storyboard */; };
		809BACD12601276E00D975A1 /* CategoryViewController.swift in Sources */ = {isa = PBXBuildFile; fileRef = 809BACD02601276E00D975A1 /* CategoryViewController.swift */; };
		809BACD726012C9D00D975A1 /* Component.storyboard in Resources */ = {isa = PBXBuildFile; fileRef = 809BACD626012C9D00D975A1 /* Component.storyboard */; };
		809BACDB26013CF600D975A1 /* CustomButtonViewController.swift in Sources */ = {isa = PBXBuildFile; fileRef = 809BACDA26013CF600D975A1 /* CustomButtonViewController.swift */; };
/* End PBXBuildFile section */

/* Begin PBXFileReference section */
		807496A52605041B009B8BD2 /* CategoryData.swift */ = {isa = PBXFileReference; lastKnownFileType = sourcecode.swift; path = CategoryData.swift; sourceTree = "<group>"; };
		807496A92605079A009B8BD2 /* BaseDataModel.swift */ = {isa = PBXFileReference; lastKnownFileType = sourcecode.swift; path = BaseDataModel.swift; sourceTree = "<group>"; };
		807496AC2605092B009B8BD2 /* ListData.swift */ = {isa = PBXFileReference; lastKnownFileType = sourcecode.swift; path = ListData.swift; sourceTree = "<group>"; };
		807496B52605263E009B8BD2 /* Graphic.storyboard */ = {isa = PBXFileReference; lastKnownFileType = file.storyboard; path = Graphic.storyboard; sourceTree = "<group>"; };
		807496B826052668009B8BD2 /* DrawTextViewController.swift */ = {isa = PBXFileReference; lastKnownFileType = sourcecode.swift; path = DrawTextViewController.swift; sourceTree = "<group>"; };
		807496BB2605AC9A009B8BD2 /* CustomIndicatorViewController.swift */ = {isa = PBXFileReference; lastKnownFileType = sourcecode.swift; path = CustomIndicatorViewController.swift; sourceTree = "<group>"; };
		807496BF2605ACF7009B8BD2 /* UIView.storyboard */ = {isa = PBXFileReference; lastKnownFileType = file.storyboard; path = UIView.storyboard; sourceTree = "<group>"; };
		807496C22605AE01009B8BD2 /* Setting.swift */ = {isa = PBXFileReference; lastKnownFileType = sourcecode.swift; path = Setting.swift; sourceTree = "<group>"; };
		807496DB2605B34D009B8BD2 /* CustomIndicatorView.swift */ = {isa = PBXFileReference; fileEncoding = 4; lastKnownFileType = sourcecode.swift; path = CustomIndicatorView.swift; sourceTree = "<group>"; };
		807496E02605BDFA009B8BD2 /* AlertandToast.storyboard */ = {isa = PBXFileReference; lastKnownFileType = file.storyboard; path = AlertandToast.storyboard; sourceTree = "<group>"; };
		807496E42605BE3D009B8BD2 /* CustomAlertViewController.swift */ = {isa = PBXFileReference; lastKnownFileType = sourcecode.swift; path = CustomAlertViewController.swift; sourceTree = "<group>"; };
		807496E92605BF4F009B8BD2 /* Alert.swift */ = {isa = PBXFileReference; fileEncoding = 4; lastKnownFileType = sourcecode.swift; path = Alert.swift; sourceTree = "<group>"; };
		807496F026066E23009B8BD2 /* ExpandableTableView.swift */ = {isa = PBXFileReference; lastKnownFileType = sourcecode.swift; path = ExpandableTableView.swift; sourceTree = "<group>"; };
		807496F426067229009B8BD2 /* TableView.storyboard */ = {isa = PBXFileReference; lastKnownFileType = file.storyboard; path = TableView.storyboard; sourceTree = "<group>"; };
		807496F726067AA9009B8BD2 /* DynamicHeightTableViewController.swift */ = {isa = PBXFileReference; lastKnownFileType = sourcecode.swift; path = DynamicHeightTableViewController.swift; sourceTree = "<group>"; };
		809BAC952601194D00D975A1 /* BestTestCollection.app */ = {isa = PBXFileReference; explicitFileType = wrapper.application; includeInIndex = 0; path = BestTestCollection.app; sourceTree = BUILT_PRODUCTS_DIR; };
		809BAC982601194D00D975A1 /* AppDelegate.swift */ = {isa = PBXFileReference; lastKnownFileType = sourcecode.swift; path = AppDelegate.swift; sourceTree = "<group>"; };
		809BAC9C2601194D00D975A1 /* MainViewController.swift */ = {isa = PBXFileReference; lastKnownFileType = sourcecode.swift; path = MainViewController.swift; sourceTree = "<group>"; };
		809BAC9F2601194D00D975A1 /* Base */ = {isa = PBXFileReference; lastKnownFileType = file.storyboard; name = Base; path = Base.lproj/Main.storyboard; sourceTree = "<group>"; };
		809BACA12601194F00D975A1 /* Assets.xcassets */ = {isa = PBXFileReference; lastKnownFileType = folder.assetcatalog; path = Assets.xcassets; sourceTree = "<group>"; };
		809BACA42601194F00D975A1 /* Base */ = {isa = PBXFileReference; lastKnownFileType = file.storyboard; name = Base; path = Base.lproj/LaunchScreen.storyboard; sourceTree = "<group>"; };
		809BACA62601194F00D975A1 /* Info.plist */ = {isa = PBXFileReference; lastKnownFileType = text.plist.xml; path = Info.plist; sourceTree = "<group>"; };
		809BACD02601276E00D975A1 /* CategoryViewController.swift */ = {isa = PBXFileReference; lastKnownFileType = sourcecode.swift; path = CategoryViewController.swift; sourceTree = "<group>"; };
		809BACD626012C9D00D975A1 /* Component.storyboard */ = {isa = PBXFileReference; lastKnownFileType = file.storyboard; path = Component.storyboard; sourceTree = "<group>"; };
		809BACDA26013CF600D975A1 /* CustomButtonViewController.swift */ = {isa = PBXFileReference; lastKnownFileType = sourcecode.swift; path = CustomButtonViewController.swift; sourceTree = "<group>"; };
/* End PBXFileReference section */

/* Begin PBXFrameworksBuildPhase section */
		809BAC922601194D00D975A1 /* Frameworks */ = {
			isa = PBXFrameworksBuildPhase;
			buildActionMask = 2147483647;
			files = (
			);
			runOnlyForDeploymentPostprocessing = 0;
		};
/* End PBXFrameworksBuildPhase section */

/* Begin PBXGroup section */
		807496A426050404009B8BD2 /* BaseData */ = {
			isa = PBXGroup;
			children = (
				807496A92605079A009B8BD2 /* BaseDataModel.swift */,
				807496A52605041B009B8BD2 /* CategoryData.swift */,
				807496AC2605092B009B8BD2 /* ListData.swift */,
				807496C22605AE01009B8BD2 /* Setting.swift */,
			);
			path = BaseData;
			sourceTree = "<group>";
		};
		807496D92605B319009B8BD2 /* UIView */ = {
			isa = PBXGroup;
			children = (
				807496DA2605B33A009B8BD2 /* CustomIndicator */,
				807496BB2605AC9A009B8BD2 /* CustomIndicatorViewController.swift */,
			);
			path = UIView;
			sourceTree = "<group>";
		};
		807496DA2605B33A009B8BD2 /* CustomIndicator */ = {
			isa = PBXGroup;
			children = (
				807496DB2605B34D009B8BD2 /* CustomIndicatorView.swift */,
			);
			path = CustomIndicator;
			sourceTree = "<group>";
		};
		807496E32605BE21009B8BD2 /* Alert & Toast */ = {
			isa = PBXGroup;
			children = (
				807496E82605BE4B009B8BD2 /* Alert */,
				807496E42605BE3D009B8BD2 /* CustomAlertViewController.swift */,
			);
			path = "Alert & Toast";
			sourceTree = "<group>";
		};
		807496E82605BE4B009B8BD2 /* Alert */ = {
			isa = PBXGroup;
			children = (
				807496E92605BF4F009B8BD2 /* Alert.swift */,
			);
			path = Alert;
			sourceTree = "<group>";
		};
		807496ED2605CA38009B8BD2 /* Graphic */ = {
			isa = PBXGroup;
			children = (
				807496B826052668009B8BD2 /* DrawTextViewController.swift */,
			);
			path = Graphic;
			sourceTree = "<group>";
		};
		807496EF26066DF0009B8BD2 /* TableView */ = {
			isa = PBXGroup;
			children = (
				807496F026066E23009B8BD2 /* ExpandableTableView.swift */,
				807496F726067AA9009B8BD2 /* DynamicHeightTableViewController.swift */,
			);
			path = TableView;
			sourceTree = "<group>";
		};
		809BAC8C2601194D00D975A1 = {
			isa = PBXGroup;
			children = (
				809BAC972601194D00D975A1 /* BestTestCollection */,
				809BAC962601194D00D975A1 /* Products */,
			);
			sourceTree = "<group>";
		};
		809BAC962601194D00D975A1 /* Products */ = {
			isa = PBXGroup;
			children = (
				809BAC952601194D00D975A1 /* BestTestCollection.app */,
			);
			name = Products;
			sourceTree = "<group>";
		};
		809BAC972601194D00D975A1 /* BestTestCollection */ = {
			isa = PBXGroup;
			children = (
				807496A426050404009B8BD2 /* BaseData */,
				809BACB6260124DF00D975A1 /* ViewControllers */,
				809BACD526012C8800D975A1 /* StoryBoard */,
				809BAC982601194D00D975A1 /* AppDelegate.swift */,
				809BAC9C2601194D00D975A1 /* MainViewController.swift */,
				809BACA62601194F00D975A1 /* Info.plist */,
				809BAC9E2601194D00D975A1 /* Main.storyboard */,
				809BACA12601194F00D975A1 /* Assets.xcassets */,
				809BACA32601194F00D975A1 /* LaunchScreen.storyboard */,
			);
			path = BestTestCollection;
			sourceTree = "<group>";
		};
		809BACB6260124DF00D975A1 /* ViewControllers */ = {
			isa = PBXGroup;
			children = (
				809BACD02601276E00D975A1 /* CategoryViewController.swift */,
				809BACDF26013D7A00D975A1 /* ComponentViewControllers */,
			);
			path = ViewControllers;
			sourceTree = "<group>";
		};
		809BACD526012C8800D975A1 /* StoryBoard */ = {
			isa = PBXGroup;
			children = (
				807496BF2605ACF7009B8BD2 /* UIView.storyboard */,
				807496E02605BDFA009B8BD2 /* AlertandToast.storyboard */,
				809BACD626012C9D00D975A1 /* Component.storyboard */,
				807496B52605263E009B8BD2 /* Graphic.storyboard */,
				807496F426067229009B8BD2 /* TableView.storyboard */,
			);
			path = StoryBoard;
			sourceTree = "<group>";
		};
		809BACDF26013D7A00D975A1 /* ComponentViewControllers */ = {
			isa = PBXGroup;
			children = (
				807496D92605B319009B8BD2 /* UIView */,
				807496E32605BE21009B8BD2 /* Alert & Toast */,
				807496ED2605CA38009B8BD2 /* Graphic */,
				807496EF26066DF0009B8BD2 /* TableView */,
				809BACDA26013CF600D975A1 /* CustomButtonViewController.swift */,
			);
			path = ComponentViewControllers;
			sourceTree = "<group>";
		};
/* End PBXGroup section */

/* Begin PBXNativeTarget section */
		809BAC942601194D00D975A1 /* BestTestCollection */ = {
			isa = PBXNativeTarget;
			buildConfigurationList = 809BACA92601194F00D975A1 /* Build configuration list for PBXNativeTarget "BestTestCollection" */;
			buildPhases = (
				809BAC912601194D00D975A1 /* Sources */,
				809BAC922601194D00D975A1 /* Frameworks */,
				809BAC932601194D00D975A1 /* Resources */,
			);
			buildRules = (
			);
			dependencies = (
			);
			name = BestTestCollection;
			productName = BestTestCollection;
			productReference = 809BAC952601194D00D975A1 /* BestTestCollection.app */;
			productType = "com.apple.product-type.application";
		};
/* End PBXNativeTarget section */

/* Begin PBXProject section */
		809BAC8D2601194D00D975A1 /* Project object */ = {
			isa = PBXProject;
			attributes = {
				LastSwiftUpdateCheck = 1230;
				LastUpgradeCheck = 1230;
				TargetAttributes = {
					809BAC942601194D00D975A1 = {
						CreatedOnToolsVersion = 12.3;
					};
				};
			};
			buildConfigurationList = 809BAC902601194D00D975A1 /* Build configuration list for PBXProject "BestTestCollection" */;
			compatibilityVersion = "Xcode 9.3";
			developmentRegion = en;
			hasScannedForEncodings = 0;
			knownRegions = (
				en,
				Base,
			);
			mainGroup = 809BAC8C2601194D00D975A1;
			productRefGroup = 809BAC962601194D00D975A1 /* Products */;
			projectDirPath = "";
			projectRoot = "";
			targets = (
				809BAC942601194D00D975A1 /* BestTestCollection */,
			);
		};
/* End PBXProject section */

/* Begin PBXResourcesBuildPhase section */
		809BAC932601194D00D975A1 /* Resources */ = {
			isa = PBXResourcesBuildPhase;
			buildActionMask = 2147483647;
			files = (
				809BACA52601194F00D975A1 /* LaunchScreen.storyboard in Resources */,
				809BACA22601194F00D975A1 /* Assets.xcassets in Resources */,
				809BACD726012C9D00D975A1 /* Component.storyboard in Resources */,
				807496C02605ACF7009B8BD2 /* UIView.storyboard in Resources */,
				807496B62605263E009B8BD2 /* Graphic.storyboard in Resources */,
				807496E12605BDFA009B8BD2 /* AlertandToast.storyboard in Resources */,
				807496F526067229009B8BD2 /* TableView.storyboard in Resources */,
				809BACA02601194D00D975A1 /* Main.storyboard in Resources */,
			);
			runOnlyForDeploymentPostprocessing = 0;
		};
/* End PBXResourcesBuildPhase section */

/* Begin PBXSourcesBuildPhase section */
		809BAC912601194D00D975A1 /* Sources */ = {
			isa = PBXSourcesBuildPhase;
			buildActionMask = 2147483647;
			files = (
				809BAC9D2601194D00D975A1 /* MainViewController.swift in Sources */,
				807496A62605041B009B8BD2 /* CategoryData.swift in Sources */,
				809BACDB26013CF600D975A1 /* CustomButtonViewController.swift in Sources */,
				807496F126066E23009B8BD2 /* ExpandableTableView.swift in Sources */,
				807496BC2605AC9A009B8BD2 /* CustomIndicatorViewController.swift in Sources */,
				807496AD2605092B009B8BD2 /* ListData.swift in Sources */,
				807496EA2605BF4F009B8BD2 /* Alert.swift in Sources */,
				807496C32605AE01009B8BD2 /* Setting.swift in Sources */,
				807496DC2605B34D009B8BD2 /* CustomIndicatorView.swift in Sources */,
				807496AA2605079A009B8BD2 /* BaseDataModel.swift in Sources */,
				807496E52605BE3D009B8BD2 /* CustomAlertViewController.swift in Sources */,
				807496F826067AA9009B8BD2 /* DynamicHeightTableViewController.swift in Sources */,
				809BAC992601194D00D975A1 /* AppDelegate.swift in Sources */,
				807496B926052668009B8BD2 /* DrawTextViewController.swift in Sources */,
				809BACD12601276E00D975A1 /* CategoryViewController.swift in Sources */,
			);
			runOnlyForDeploymentPostprocessing = 0;
		};
/* End PBXSourcesBuildPhase section */

/* Begin PBXVariantGroup section */
		809BAC9E2601194D00D975A1 /* Main.storyboard */ = {
			isa = PBXVariantGroup;
			children = (
				809BAC9F2601194D00D975A1 /* Base */,
			);
			name = Main.storyboard;
			sourceTree = "<group>";
		};
		809BACA32601194F00D975A1 /* LaunchScreen.storyboard */ = {
			isa = PBXVariantGroup;
			children = (
				809BACA42601194F00D975A1 /* Base */,
			);
			name = LaunchScreen.storyboard;
			sourceTree = "<group>";
		};
/* End PBXVariantGroup section */

/* Begin XCBuildConfiguration section */
		809BACA72601194F00D975A1 /* Debug */ = {
			isa = XCBuildConfiguration;
			buildSettings = {
				ALWAYS_SEARCH_USER_PATHS = NO;
				CLANG_ANALYZER_NONNULL = YES;
				CLANG_ANALYZER_NUMBER_OBJECT_CONVERSION = YES_AGGRESSIVE;
				CLANG_CXX_LANGUAGE_STANDARD = "gnu++14";
				CLANG_CXX_LIBRARY = "libc++";
				CLANG_ENABLE_MODULES = YES;
				CLANG_ENABLE_OBJC_ARC = YES;
				CLANG_ENABLE_OBJC_WEAK = YES;
				CLANG_WARN_BLOCK_CAPTURE_AUTORELEASING = YES;
				CLANG_WARN_BOOL_CONVERSION = YES;
				CLANG_WARN_COMMA = YES;
				CLANG_WARN_CONSTANT_CONVERSION = YES;
				CLANG_WARN_DEPRECATED_OBJC_IMPLEMENTATIONS = YES;
				CLANG_WARN_DIRECT_OBJC_ISA_USAGE = YES_ERROR;
				CLANG_WARN_DOCUMENTATION_COMMENTS = YES;
				CLANG_WARN_EMPTY_BODY = YES;
				CLANG_WARN_ENUM_CONVERSION = YES;
				CLANG_WARN_INFINITE_RECURSION = YES;
				CLANG_WARN_INT_CONVERSION = YES;
				CLANG_WARN_NON_LITERAL_NULL_CONVERSION = YES;
				CLANG_WARN_OBJC_IMPLICIT_RETAIN_SELF = YES;
				CLANG_WARN_OBJC_LITERAL_CONVERSION = YES;
				CLANG_WARN_OBJC_ROOT_CLASS = YES_ERROR;
				CLANG_WARN_QUOTED_INCLUDE_IN_FRAMEWORK_HEADER = YES;
				CLANG_WARN_RANGE_LOOP_ANALYSIS = YES;
				CLANG_WARN_STRICT_PROTOTYPES = YES;
				CLANG_WARN_SUSPICIOUS_MOVE = YES;
				CLANG_WARN_UNGUARDED_AVAILABILITY = YES_AGGRESSIVE;
				CLANG_WARN_UNREACHABLE_CODE = YES;
				CLANG_WARN__DUPLICATE_METHOD_MATCH = YES;
				COPY_PHASE_STRIP = NO;
				DEBUG_INFORMATION_FORMAT = dwarf;
				ENABLE_STRICT_OBJC_MSGSEND = YES;
				ENABLE_TESTABILITY = YES;
				GCC_C_LANGUAGE_STANDARD = gnu11;
				GCC_DYNAMIC_NO_PIC = NO;
				GCC_NO_COMMON_BLOCKS = YES;
				GCC_OPTIMIZATION_LEVEL = 0;
				GCC_PREPROCESSOR_DEFINITIONS = (
					"DEBUG=1",
					"$(inherited)",
				);
				GCC_WARN_64_TO_32_BIT_CONVERSION = YES;
				GCC_WARN_ABOUT_RETURN_TYPE = YES_ERROR;
				GCC_WARN_UNDECLARED_SELECTOR = YES;
				GCC_WARN_UNINITIALIZED_AUTOS = YES_AGGRESSIVE;
				GCC_WARN_UNUSED_FUNCTION = YES;
				GCC_WARN_UNUSED_VARIABLE = YES;
				IPHONEOS_DEPLOYMENT_TARGET = 9.0;
				MTL_ENABLE_DEBUG_INFO = INCLUDE_SOURCE;
				MTL_FAST_MATH = YES;
				ONLY_ACTIVE_ARCH = YES;
				SDKROOT = iphoneos;
				SWIFT_ACTIVE_COMPILATION_CONDITIONS = DEBUG;
				SWIFT_OPTIMIZATION_LEVEL = "-Onone";
			};
			name = Debug;
		};
		809BACA82601194F00D975A1 /* Release */ = {
			isa = XCBuildConfiguration;
			buildSettings = {
				ALWAYS_SEARCH_USER_PATHS = NO;
				CLANG_ANALYZER_NONNULL = YES;
				CLANG_ANALYZER_NUMBER_OBJECT_CONVERSION = YES_AGGRESSIVE;
				CLANG_CXX_LANGUAGE_STANDARD = "gnu++14";
				CLANG_CXX_LIBRARY = "libc++";
				CLANG_ENABLE_MODULES = YES;
				CLANG_ENABLE_OBJC_ARC = YES;
				CLANG_ENABLE_OBJC_WEAK = YES;
				CLANG_WARN_BLOCK_CAPTURE_AUTORELEASING = YES;
				CLANG_WARN_BOOL_CONVERSION = YES;
				CLANG_WARN_COMMA = YES;
				CLANG_WARN_CONSTANT_CONVERSION = YES;
				CLANG_WARN_DEPRECATED_OBJC_IMPLEMENTATIONS = YES;
				CLANG_WARN_DIRECT_OBJC_ISA_USAGE = YES_ERROR;
				CLANG_WARN_DOCUMENTATION_COMMENTS = YES;
				CLANG_WARN_EMPTY_BODY = YES;
				CLANG_WARN_ENUM_CONVERSION = YES;
				CLANG_WARN_INFINITE_RECURSION = YES;
				CLANG_WARN_INT_CONVERSION = YES;
				CLANG_WARN_NON_LITERAL_NULL_CONVERSION = YES;
				CLANG_WARN_OBJC_IMPLICIT_RETAIN_SELF = YES;
				CLANG_WARN_OBJC_LITERAL_CONVERSION = YES;
				CLANG_WARN_OBJC_ROOT_CLASS = YES_ERROR;
				CLANG_WARN_QUOTED_INCLUDE_IN_FRAMEWORK_HEADER = YES;
				CLANG_WARN_RANGE_LOOP_ANALYSIS = YES;
				CLANG_WARN_STRICT_PROTOTYPES = YES;
				CLANG_WARN_SUSPICIOUS_MOVE = YES;
				CLANG_WARN_UNGUARDED_AVAILABILITY = YES_AGGRESSIVE;
				CLANG_WARN_UNREACHABLE_CODE = YES;
				CLANG_WARN__DUPLICATE_METHOD_MATCH = YES;
				COPY_PHASE_STRIP = NO;
				DEBUG_INFORMATION_FORMAT = "dwarf-with-dsym";
				ENABLE_NS_ASSERTIONS = NO;
				ENABLE_STRICT_OBJC_MSGSEND = YES;
				GCC_C_LANGUAGE_STANDARD = gnu11;
				GCC_NO_COMMON_BLOCKS = YES;
				GCC_WARN_64_TO_32_BIT_CONVERSION = YES;
				GCC_WARN_ABOUT_RETURN_TYPE = YES_ERROR;
				GCC_WARN_UNDECLARED_SELECTOR = YES;
				GCC_WARN_UNINITIALIZED_AUTOS = YES_AGGRESSIVE;
				GCC_WARN_UNUSED_FUNCTION = YES;
				GCC_WARN_UNUSED_VARIABLE = YES;
				IPHONEOS_DEPLOYMENT_TARGET = 9.0;
				MTL_ENABLE_DEBUG_INFO = NO;
				MTL_FAST_MATH = YES;
				SDKROOT = iphoneos;
				SWIFT_COMPILATION_MODE = wholemodule;
				SWIFT_OPTIMIZATION_LEVEL = "-O";
				VALIDATE_PRODUCT = YES;
			};
			name = Release;
		};
		809BACAA2601194F00D975A1 /* Debug */ = {
			isa = XCBuildConfiguration;
			buildSettings = {
				ASSETCATALOG_COMPILER_APPICON_NAME = AppIcon;
				ASSETCATALOG_COMPILER_GLOBAL_ACCENT_COLOR_NAME = AccentColor;
				CODE_SIGN_IDENTITY = "Apple Development";
				CODE_SIGN_STYLE = Automatic;
				DEVELOPMENT_TEAM = YTR734SZDN;
				INFOPLIST_FILE = BestTestCollection/Info.plist;
				LD_RUNPATH_SEARCH_PATHS = (
					"$(inherited)",
					"@executable_path/Frameworks",
				);
				PRODUCT_BUNDLE_IDENTIFIER = taesan.BestTestCollection;
				PRODUCT_NAME = "$(TARGET_NAME)";
				PROVISIONING_PROFILE_SPECIFIER = "";
				SWIFT_VERSION = 5.0;
				TARGETED_DEVICE_FAMILY = "1,2";
			};
			name = Debug;
		};
		809BACAB2601194F00D975A1 /* Release */ = {
			isa = XCBuildConfiguration;
			buildSettings = {
				ASSETCATALOG_COMPILER_APPICON_NAME = AppIcon;
				ASSETCATALOG_COMPILER_GLOBAL_ACCENT_COLOR_NAME = AccentColor;
				CODE_SIGN_IDENTITY = "Apple Development";
				CODE_SIGN_STYLE = Automatic;
				DEVELOPMENT_TEAM = YTR734SZDN;
				INFOPLIST_FILE = BestTestCollection/Info.plist;
				LD_RUNPATH_SEARCH_PATHS = (
					"$(inherited)",
					"@executable_path/Frameworks",
				);
				PRODUCT_BUNDLE_IDENTIFIER = taesan.BestTestCollection;
				PRODUCT_NAME = "$(TARGET_NAME)";
				PROVISIONING_PROFILE_SPECIFIER = "";
				SWIFT_VERSION = 5.0;
				TARGETED_DEVICE_FAMILY = "1,2";
			};
			name = Release;
		};
/* End XCBuildConfiguration section */

/* Begin XCConfigurationList section */
		809BAC902601194D00D975A1 /* Build configuration list for PBXProject "BestTestCollection" */ = {
			isa = XCConfigurationList;
			buildConfigurations = (
				809BACA72601194F00D975A1 /* Debug */,
				809BACA82601194F00D975A1 /* Release */,
			);
			defaultConfigurationIsVisible = 0;
			defaultConfigurationName = Release;
		};
		809BACA92601194F00D975A1 /* Build configuration list for PBXNativeTarget "BestTestCollection" */ = {
			isa = XCConfigurationList;
			buildConfigurations = (
				809BACAA2601194F00D975A1 /* Debug */,
				809BACAB2601194F00D975A1 /* Release */,
			);
			defaultConfigurationIsVisible = 0;
			defaultConfigurationName = Release;
		};
/* End XCConfigurationList section */
	};
	rootObject = 809BAC8D2601194D00D975A1 /* Project object */;
}
